# THIS IS AN AUTOGENERATED FILE. DO NOT EDIT THIS FILE DIRECTLY.
# yarn lockfile v1


"@now/node-bridge@1.2.2":
  version "1.2.2"
  resolved "https://registry.yarnpkg.com/@now/node-bridge/-/node-bridge-1.2.2.tgz#b4740d8806227b8dd1d4d8481e21b3b30ad299b4"
  integrity sha512-E5xqal3QRN8RvcQ4Q82vtg/hvWmQWaIYp2bJHd550Ps/kemGabcwAAQsP/TUM/4b5oYlOmjrfuYPq9AhMvFqkQ==

"@now/node@^0.11.0":
  version "0.11.0"
  resolved "https://registry.yarnpkg.com/@now/node/-/node-0.11.0.tgz#70f020f9f7f7704bebdeba6e938853e9b6035abb"
  integrity sha512-Nj/K0KQOf9K8FJpv7ZncCYtbHEhQDBkcZk3v9P/Sxcz9qTdGZuNWIgzNG2/2uUOoByoHpbvzOpflma3Z4ifMiw==
  dependencies:
    "@now/node-bridge" "1.2.2"
    "@types/node" "*"
    "@zeit/ncc" "0.18.5"
    "@zeit/ncc-watcher" "1.0.3"

"@types/node@*", "@types/node@^12.0.12":
  version "12.0.12"
  resolved "https://registry.yarnpkg.com/@types/node/-/node-12.0.12.tgz#cc791b402360db1eaf7176479072f91ee6c6c7ca"
  integrity sha512-Uy0PN4R5vgBUXFoJrKryf5aTk3kJ8Rv3PdlHjl6UaX+Cqp1QE0yPQ68MPXGrZOfG7gZVNDIJZYyot0B9ubXUrQ==

"@types/redis@^2.8.13":
  version "2.8.13"
  resolved "https://registry.yarnpkg.com/@types/redis/-/redis-2.8.13.tgz#fdd76d9a8b7c36ff24d8506a94ef2a890c87f498"
  integrity sha512-p86cm5P6DMotUqCS6odQRz0JJwc5QXZw9eyH0ALVIqmq12yqtex5ighWyGFHKxak9vaA/GF/Ilu0KZ0MuXXUbg==
  dependencies:
    "@types/node" "*"

"@zeit/ncc-watcher@1.0.3":
  version "1.0.3"
  resolved "https://registry.yarnpkg.com/@zeit/ncc-watcher/-/ncc-watcher-1.0.3.tgz#c4569d13db7b80a96a7672047c069400e69913ae"
  integrity sha512-367wm9bGMBCwT8kHQckw8UY/iYhC9rdzj357FBoM0SjVvWv53yziEmd12RkeF1EsBs0F2a1uBYdUaUvGo6LfkA==
  dependencies:
    "@zeit/ncc" "^0.18.5"

"@zeit/ncc@0.18.5", "@zeit/ncc@^0.18.5":
  version "0.18.5"
  resolved "https://registry.yarnpkg.com/@zeit/ncc/-/ncc-0.18.5.tgz#5687df6c32f1a2e2486aa110b3454ccebda4fb9c"
  integrity sha512-F+SbvEAh8rchiRXqQbmD1UmbePY7dCOKTbvfFtbVbK2xMH/tyri5YKfNxXKK7eL9EWkkbqB3NTVQO6nokApeBA==

denque@^1.5.0:
  version "1.5.1"
  resolved "https://registry.yarnpkg.com/denque/-/denque-1.5.1.tgz#07f670e29c9a78f8faecb2566a1e2c11929c5cbf"
  integrity sha512-XwE+iZ4D6ZUB7mfYRMb5wByE8L74HCn30FBN7sWnXksWc1LO1bPDl67pBR9o/kC4z/xSNAwkMYcGgqDV3BE3Hw==

redis-commands@^1.7.0:
  version "1.7.0"
  resolved "https://registry.yarnpkg.com/redis-commands/-/redis-commands-1.7.0.tgz#15a6fea2d58281e27b1cd1acfb4b293e278c3a89"
  integrity sha512-nJWqw3bTFy21hX/CPKHth6sfhZbdiHP6bTawSgQBlKOVRG7EZkfHbbHwQJnrE4vsQf0CMNE+3gJ4Fmm16vdVlQ==

redis-errors@^1.0.0, redis-errors@^1.2.0:
  version "1.2.0"
  resolved "https://registry.yarnpkg.com/redis-errors/-/redis-errors-1.2.0.tgz#eb62d2adb15e4eaf4610c04afe1529384250abad"
  integrity sha512-1qny3OExCf0UvUV/5wpYKf2YwPcOqXzkwKKSmKHiE6ZMQs5heeE/c8eXK+PNllPvmjgAbfnsbpkGZWy8cBpn9w==

redis-parser@^3.0.0:
  version "3.0.0"
  resolved "https://registry.yarnpkg.com/redis-parser/-/redis-parser-3.0.0.tgz#b66d828cdcafe6b4b8a428a7def4c6bcac31c8b4"
  integrity sha512-DJnGAeenTdpMEH6uAJRK/uiyEIH9WVsUmoLwzudwGJUwZPp80PDBWPHXSAGNPwNvIXAbe7MSUB1zQFugFml66A==
  dependencies:
    redis-errors "^1.0.0"

redis@^3.1.1:
  version "3.1.1"
  resolved "https://registry.yarnpkg.com/redis/-/redis-3.1.1.tgz#a44bee7c072dcf685e139048d6a1a4d3b00f5d01"
  integrity sha512-QhkKhOuzhogR1NDJfBD34TQJz2ZJwDhhIC6ZmvpftlmfYShHHQXjjNspAJ+Z2HH5NwSBVYBVganbiZ8bgFMHjg==
  dependencies:
    denque "^1.5.0"
    redis-commands "^1.7.0"
    redis-errors "^1.2.0"
    redis-parser "^3.0.0"
